// !$*UTF8*$!
{
	archiveVersion = 1;
	classes = {
	};
	objectVersion = 77;
	objects = {

/* Begin PBXBuildFile section */
		550E49B22EF973E70013D87C /* AppDelegate.swift in Sources */ = {isa = PBXBuildFile; fileRef = 550E49A72EF973E70013D87C /* AppDelegate.swift */; };
		550E49B32EF973E70013D87C /* OmerFarukAsil_Project.xcdatamodeld in Sources */ = {isa = PBXBuildFile; fileRef = 550E49AE2EF973E70013D87C /* OmerFarukAsil_Project.xcdatamodeld */; };
		550E49B42EF973E70013D87C /* SceneDelegate.swift in Sources */ = {isa = PBXBuildFile; fileRef = 550E49AF2EF973E70013D87C /* SceneDelegate.swift */; };
		550E49B52EF973E70013D87C /* Assets.xcassets in Resources */ = {isa = PBXBuildFile; fileRef = 550E49A82EF973E70013D87C /* Assets.xcassets */; };
		550E49B72EF973E70013D87C /* LaunchScreen.storyboard in Resources */ = {isa = PBXBuildFile; fileRef = 550E49AB2EF973E70013D87C /* LaunchScreen.storyboard */; };
		550E49B82EF973E70013D87C /* Main.storyboard in Resources */ = {isa = PBXBuildFile; fileRef = 550E49AD2EF973E70013D87C /* Main.storyboard */; };
		556061872EFDACA40010D7B8 /* ProductsTableViewCell.swift in Sources */ = {isa = PBXBuildFile; fileRef = 556061862EFDACA40010D7B8 /* ProductsTableViewCell.swift */; };
		556061892EFDAE710010D7B8 /* Product.swift in Sources */ = {isa = PBXBuildFile; fileRef = 556061882EFDAE6E0010D7B8 /* Product.swift */; };
		556A3A932F02DDA000A036EC /* CartVC.swift in Sources */ = {isa = PBXBuildFile; fileRef = 556A3A922F02DDA000A036EC /* CartVC.swift */; };
		556FF6302EFD920D00193634 /* CategoryTableViewCell.swift in Sources */ = {isa = PBXBuildFile; fileRef = 556FF62F2EFD920D00193634 /* CategoryTableViewCell.swift */; };
		5599BB3C2F02C80C00626D2C /* Cart.swift in Sources */ = {isa = PBXBuildFile; fileRef = 5599BB392F02C05B00626D2C /* Cart.swift */; };
		5599BB3D2F02C83100626D2C /* Cart+CoreDataProperties.swift in Sources */ = {isa = PBXBuildFile; fileRef = 5599BB3B2F02C3CE00626D2C /* Cart+CoreDataProperties.swift */; };
		5599BB3F2F02C9AD00626D2C /* Favorite.swift in Sources */ = {isa = PBXBuildFile; fileRef = 5599BB3E2F02C99A00626D2C /* Favorite.swift */; };
		5599BB412F02CA0F00626D2C /* Favorite+CoreDataProperties.swift in Sources */ = {isa = PBXBuildFile; fileRef = 5599BB402F02CA0500626D2C /* Favorite+CoreDataProperties.swift */; };
		5599BB432F02DC1200626D2C /* CartCustomTableViewCell.swift in Sources */ = {isa = PBXBuildFile; fileRef = 5599BB422F02DC1200626D2C /* CartCustomTableViewCell.swift */; };
		55BF6D512EFBE38A0074C805 /* CategoriesVC.swift in Sources */ = {isa = PBXBuildFile; fileRef = 55BF6D502EFBE38A0074C805 /* CategoriesVC.swift */; };
		55BF6D532EFBE3A90074C805 /* ProductsVC.swift in Sources */ = {isa = PBXBuildFile; fileRef = 55BF6D522EFBE3A90074C805 /* ProductsVC.swift */; };
		55BF6D552EFBE3B80074C805 /* ProductDetailVC.swift in Sources */ = {isa = PBXBuildFile; fileRef = 55BF6D542EFBE3B80074C805 /* ProductDetailVC.swift */; };
		55BF6D572EFBE52A0074C805 /* Category.swift in Sources */ = {isa = PBXBuildFile; fileRef = 55BF6D562EFBE5240074C805 /* Category.swift */; };
		55BF6D592EFBFBD40074C805 /* DataSoruce.swift in Sources */ = {isa = PBXBuildFile; fileRef = 55BF6D582EFBFBD10074C805 /* DataSoruce.swift */; };
		55BF6D5B2EFBFE730074C805 /* SwiftyJSON.swift in Sources */ = {isa = PBXBuildFile; fileRef = 55BF6D5A2EFBFE700074C805 /* SwiftyJSON.swift */; };
		55BF6D5D2EFBFEA30074C805 /* SWXMLHash.swift in Sources */ = {isa = PBXBuildFile; fileRef = 55BF6D5C2EFBFEA00074C805 /* SWXMLHash.swift */; };
		55BF6D622EFC07750074C805 /* Kingfisher in Frameworks */ = {isa = PBXBuildFile; productRef = 55BF6D612EFC07750074C805 /* Kingfisher */; };
		55BF6D642EFC0C960074C805 /* CustomCategoriesCollectionViewCell.swift in Sources */ = {isa = PBXBuildFile; fileRef = 55BF6D632EFC0C960074C805 /* CustomCategoriesCollectionViewCell.swift */; };
		55D4BF202F02FE4D00DA6C06 /* FavoriteVC.swift in Sources */ = {isa = PBXBuildFile; fileRef = 55D4BF1F2F02FE4D00DA6C06 /* FavoriteVC.swift */; };
/* End PBXBuildFile section */

/* Begin PBXFileReference section */
		550E498C2EF973CB0013D87C /* OmerFarukAsil_Project.app */ = {isa = PBXFileReference; explicitFileType = wrapper.application; includeInIndex = 0; path = OmerFarukAsil_Project.app; sourceTree = BUILT_PRODUCTS_DIR; };
		550E49A72EF973E70013D87C /* AppDelegate.swift */ = {isa = PBXFileReference; lastKnownFileType = sourcecode.swift; path = AppDelegate.swift; sourceTree = "<group>"; };
		550E49A82EF973E70013D87C /* Assets.xcassets */ = {isa = PBXFileReference; lastKnownFileType = folder.assetcatalog; path = Assets.xcassets; sourceTree = "<group>"; };
		550E49A92EF973E70013D87C /* Info.plist */ = {isa = PBXFileReference; lastKnownFileType = text.plist.xml; path = Info.plist; sourceTree = "<group>"; };
		550E49AA2EF973E70013D87C /* Base */ = {isa = PBXFileReference; lastKnownFileType = file.storyboard; name = Base; path = Base.lproj/LaunchScreen.storyboard; sourceTree = "<group>"; };
		550E49AC2EF973E70013D87C /* Base */ = {isa = PBXFileReference; lastKnownFileType = file.storyboard; name = Base; path = Base.lproj/Main.storyboard; sourceTree = "<group>"; };
		550E49AF2EF973E70013D87C /* SceneDelegate.swift */ = {isa = PBXFileReference; lastKnownFileType = sourcecode.swift; path = SceneDelegate.swift; sourceTree = "<group>"; };
		550E49B12EF973E70013D87C /* OmerFarukAsil_Project.xcdatamodel */ = {isa = PBXFileReference; lastKnownFileType = wrapper.xcdatamodel; path = OmerFarukAsil_Project.xcdatamodel; sourceTree = "<group>"; };
		556061862EFDACA40010D7B8 /* ProductsTableViewCell.swift */ = {isa = PBXFileReference; lastKnownFileType = sourcecode.swift; path = ProductsTableViewCell.swift; sourceTree = "<group>"; };
		556061882EFDAE6E0010D7B8 /* Product.swift */ = {isa = PBXFileReference; lastKnownFileType = sourcecode.swift; path = Product.swift; sourceTree = "<group>"; };
		556A3A922F02DDA000A036EC /* CartVC.swift */ = {isa = PBXFileReference; lastKnownFileType = sourcecode.swift; path = CartVC.swift; sourceTree = "<group>"; };
		556FF62F2EFD920D00193634 /* CategoryTableViewCell.swift */ = {isa = PBXFileReference; lastKnownFileType = sourcecode.swift; path = CategoryTableViewCell.swift; sourceTree = "<group>"; };
		5599BB392F02C05B00626D2C /* Cart.swift */ = {isa = PBXFileReference; lastKnownFileType = sourcecode.swift; path = Cart.swift; sourceTree = "<group>"; };
		5599BB3B2F02C3CE00626D2C /* Cart+CoreDataProperties.swift */ = {isa = PBXFileReference; lastKnownFileType = sourcecode.swift; path = "Cart+CoreDataProperties.swift"; sourceTree = "<group>"; };
		5599BB3E2F02C99A00626D2C /* Favorite.swift */ = {isa = PBXFileReference; lastKnownFileType = sourcecode.swift; path = Favorite.swift; sourceTree = "<group>"; };
		5599BB402F02CA0500626D2C /* Favorite+CoreDataProperties.swift */ = {isa = PBXFileReference; lastKnownFileType = sourcecode.swift; path = "Favorite+CoreDataProperties.swift"; sourceTree = "<group>"; };
		5599BB422F02DC1200626D2C /* CartCustomTableViewCell.swift */ = {isa = PBXFileReference; lastKnownFileType = sourcecode.swift; path = CartCustomTableViewCell.swift; sourceTree = "<group>"; };
		55BF6D502EFBE38A0074C805 /* CategoriesVC.swift */ = {isa = PBXFileReference; lastKnownFileType = sourcecode.swift; path = CategoriesVC.swift; sourceTree = "<group>"; };
		55BF6D522EFBE3A90074C805 /* ProductsVC.swift */ = {isa = PBXFileReference; lastKnownFileType = sourcecode.swift; path = ProductsVC.swift; sourceTree = "<group>"; };
		55BF6D542EFBE3B80074C805 /* ProductDetailVC.swift */ = {isa = PBXFileReference; lastKnownFileType = sourcecode.swift; path = ProductDetailVC.swift; sourceTree = "<group>"; };
		55BF6D562EFBE5240074C805 /* Category.swift */ = {isa = PBXFileReference; lastKnownFileType = sourcecode.swift; path = Category.swift; sourceTree = "<group>"; };
		55BF6D582EFBFBD10074C805 /* DataSoruce.swift */ = {isa = PBXFileReference; lastKnownFileType = sourcecode.swift; path = DataSoruce.swift; sourceTree = "<group>"; };
		55BF6D5A2EFBFE700074C805 /* SwiftyJSON.swift */ = {isa = PBXFileReference; lastKnownFileType = sourcecode.swift; path = SwiftyJSON.swift; sourceTree = "<group>"; };
		55BF6D5C2EFBFEA00074C805 /* SWXMLHash.swift */ = {isa = PBXFileReference; lastKnownFileType = sourcecode.swift; path = SWXMLHash.swift; sourceTree = "<group>"; };
		55BF6D632EFC0C960074C805 /* CustomCategoriesCollectionViewCell.swift */ = {isa = PBXFileReference; lastKnownFileType = sourcecode.swift; path = CustomCategoriesCollectionViewCell.swift; sourceTree = "<group>"; };
		55D4BF1F2F02FE4D00DA6C06 /* FavoriteVC.swift */ = {isa = PBXFileReference; lastKnownFileType = sourcecode.swift; path = FavoriteVC.swift; sourceTree = "<group>"; };
/* End PBXFileReference section */

/* Begin PBXFrameworksBuildPhase section */
		550E49892EF973CB0013D87C /* Frameworks */ = {
			isa = PBXFrameworksBuildPhase;
			buildActionMask = 2147483647;
			files = (
				55BF6D622EFC07750074C805 /* Kingfisher in Frameworks */,
			);
			runOnlyForDeploymentPostprocessing = 0;
		};
/* End PBXFrameworksBuildPhase section */

/* Begin PBXGroup section */
		550E49832EF973CB0013D87C = {
			isa = PBXGroup;
			children = (
				5599BB402F02CA0500626D2C /* Favorite+CoreDataProperties.swift */,
				5599BB3E2F02C99A00626D2C /* Favorite.swift */,
				5599BB3B2F02C3CE00626D2C /* Cart+CoreDataProperties.swift */,
				5599BB392F02C05B00626D2C /* Cart.swift */,
				550E49B02EF973E70013D87C /* OmerFarukAsil_Project */,
				550E498D2EF973CB0013D87C /* Products */,
			);
			sourceTree = "<group>";
		};
		550E498D2EF973CB0013D87C /* Products */ = {
			isa = PBXGroup;
			children = (
				550E498C2EF973CB0013D87C /* OmerFarukAsil_Project.app */,
			);
			name = Products;
			sourceTree = "<group>";
		};
		550E49B02EF973E70013D87C /* OmerFarukAsil_Project */ = {
			isa = PBXGroup;
			children = (
				550E49A82EF973E70013D87C /* Assets.xcassets */,
				550E49A92EF973E70013D87C /* Info.plist */,
				550E49AB2EF973E70013D87C /* LaunchScreen.storyboard */,
				550E49AD2EF973E70013D87C /* Main.storyboard */,
				55BF6D502EFBE38A0074C805 /* CategoriesVC.swift */,
				55BF6D522EFBE3A90074C805 /* ProductsVC.swift */,
				55BF6D542EFBE3B80074C805 /* ProductDetailVC.swift */,
				556A3A922F02DDA000A036EC /* CartVC.swift */,
				55D4BF1F2F02FE4D00DA6C06 /* FavoriteVC.swift */,
				550E49AF2EF973E70013D87C /* SceneDelegate.swift */,
				550E49A72EF973E70013D87C /* AppDelegate.swift */,
				550E49AE2EF973E70013D87C /* OmerFarukAsil_Project.xcdatamodeld */,
				55BF6D562EFBE5240074C805 /* Category.swift */,
				556061882EFDAE6E0010D7B8 /* Product.swift */,
				55BF6D582EFBFBD10074C805 /* DataSoruce.swift */,
				55BF6D5A2EFBFE700074C805 /* SwiftyJSON.swift */,
				55BF6D5C2EFBFEA00074C805 /* SWXMLHash.swift */,
				556FF62F2EFD920D00193634 /* CategoryTableViewCell.swift */,
				55BF6D632EFC0C960074C805 /* CustomCategoriesCollectionViewCell.swift */,
				556061862EFDACA40010D7B8 /* ProductsTableViewCell.swift */,
				5599BB422F02DC1200626D2C /* CartCustomTableViewCell.swift */,
			);
			path = OmerFarukAsil_Project;
			sourceTree = "<group>";
		};
/* End PBXGroup section */

/* Begin PBXNativeTarget section */
		550E498B2EF973CB0013D87C /* OmerFarukAsil_Project */ = {
			isa = PBXNativeTarget;
			buildConfigurationList = 550E49A22EF973CC0013D87C /* Build configuration list for PBXNativeTarget "OmerFarukAsil_Project" */;
			buildPhases = (
				550E49882EF973CB0013D87C /* Sources */,
				550E49892EF973CB0013D87C /* Frameworks */,
				550E498A2EF973CB0013D87C /* Resources */,
			);
			buildRules = (
			);
			dependencies = (
			);
			name = OmerFarukAsil_Project;
			packageProductDependencies = (
				55BF6D612EFC07750074C805 /* Kingfisher */,
			);
			productName = OmerFarukAsil_Project;
			productReference = 550E498C2EF973CB0013D87C /* OmerFarukAsil_Project.app */;
			productType = "com.apple.product-type.application";
		};
/* End PBXNativeTarget section */

/* Begin PBXProject section */
		550E49842EF973CB0013D87C /* Project object */ = {
			isa = PBXProject;
			attributes = {
				BuildIndependentTargetsInParallel = 1;
				LastSwiftUpdateCheck = 2600;
				LastUpgradeCheck = 2600;
				TargetAttributes = {
					550E498B2EF973CB0013D87C = {
						CreatedOnToolsVersion = 26.0;
					};
				};
			};
			buildConfigurationList = 550E49872EF973CB0013D87C /* Build configuration list for PBXProject "OmerFarukAsil_Project" */;
			developmentRegion = en;
			hasScannedForEncodings = 0;
			knownRegions = (
				en,
				Base,
			);
			mainGroup = 550E49832EF973CB0013D87C;
			minimizedProjectReferenceProxies = 1;
			packageReferences = (
				55BF6D602EFC07750074C805 /* XCRemoteSwiftPackageReference "Kingfisher" */,
			);
			preferredProjectObjectVersion = 77;
			productRefGroup = 550E498D2EF973CB0013D87C /* Products */;
			projectDirPath = "";
			projectRoot = "";
			targets = (
				550E498B2EF973CB0013D87C /* OmerFarukAsil_Project */,
			);
		};
/* End PBXProject section */

/* Begin PBXResourcesBuildPhase section */
		550E498A2EF973CB0013D87C /* Resources */ = {
			isa = PBXResourcesBuildPhase;
			buildActionMask = 2147483647;
			files = (
				550E49B52EF973E70013D87C /* Assets.xcassets in Resources */,
				550E49B72EF973E70013D87C /* LaunchScreen.storyboard in Resources */,
				550E49B82EF973E70013D87C /* Main.storyboard in Resources */,
			);
			runOnlyForDeploymentPostprocessing = 0;
		};
/* End PBXResourcesBuildPhase section */

/* Begin PBXSourcesBuildPhase section */
		550E49882EF973CB0013D87C /* Sources */ = {
			isa = PBXSourcesBuildPhase;
			buildActionMask = 2147483647;
			files = (
				550E49B22EF973E70013D87C /* AppDelegate.swift in Sources */,
				55BF6D5D2EFBFEA30074C805 /* SWXMLHash.swift in Sources */,
				556061872EFDACA40010D7B8 /* ProductsTableViewCell.swift in Sources */,
				55BF6D532EFBE3A90074C805 /* ProductsVC.swift in Sources */,
				55BF6D5B2EFBFE730074C805 /* SwiftyJSON.swift in Sources */,
				5599BB412F02CA0F00626D2C /* Favorite+CoreDataProperties.swift in Sources */,
				550E49B32EF973E70013D87C /* OmerFarukAsil_Project.xcdatamodeld in Sources */,
				55BF6D642EFC0C960074C805 /* CustomCategoriesCollectionViewCell.swift in Sources */,
				5599BB3C2F02C80C00626D2C /* Cart.swift in Sources */,
				55BF6D592EFBFBD40074C805 /* DataSoruce.swift in Sources */,
				550E49B42EF973E70013D87C /* SceneDelegate.swift in Sources */,
				55BF6D512EFBE38A0074C805 /* CategoriesVC.swift in Sources */,
				55BF6D552EFBE3B80074C805 /* ProductDetailVC.swift in Sources */,
				5599BB3F2F02C9AD00626D2C /* Favorite.swift in Sources */,
				55BF6D572EFBE52A0074C805 /* Category.swift in Sources */,
				5599BB3D2F02C83100626D2C /* Cart+CoreDataProperties.swift in Sources */,
				5599BB432F02DC1200626D2C /* CartCustomTableViewCell.swift in Sources */,
				556FF6302EFD920D00193634 /* CategoryTableViewCell.swift in Sources */,
				556A3A932F02DDA000A036EC /* CartVC.swift in Sources */,
				55D4BF202F02FE4D00DA6C06 /* FavoriteVC.swift in Sources */,
				556061892EFDAE710010D7B8 /* Product.swift in Sources */,
			);
			runOnlyForDeploymentPostprocessing = 0;
		};
/* End PBXSourcesBuildPhase section */

/* Begin PBXVariantGroup section */
		550E49AB2EF973E70013D87C /* LaunchScreen.storyboard */ = {
			isa = PBXVariantGroup;
			children = (
				550E49AA2EF973E70013D87C /* Base */,
			);
			name = LaunchScreen.storyboard;
			sourceTree = "<group>";
		};
		550E49AD2EF973E70013D87C /* Main.storyboard */ = {
			isa = PBXVariantGroup;
			children = (
				550E49AC2EF973E70013D87C /* Base */,
			);
			name = Main.storyboard;
			sourceTree = "<group>";
		};
/* End PBXVariantGroup section */

/* Begin XCBuildConfiguration section */
		550E49A32EF973CC0013D87C /* Debug */ = {
			isa = XCBuildConfiguration;
			buildSettings = {
				ASSETCATALOG_COMPILER_APPICON_NAME = AppIcon;
				ASSETCATALOG_COMPILER_GLOBAL_ACCENT_COLOR_NAME = AccentColor;
				CODE_SIGN_STYLE = Automatic;
				CURRENT_PROJECT_VERSION = 1;
				DEVELOPMENT_TEAM = PG7DX7BP46;
				GENERATE_INFOPLIST_FILE = YES;
				INFOPLIST_FILE = OmerFarukAsil_Project/Info.plist;
				INFOPLIST_KEY_UIApplicationSupportsIndirectInputEvents = YES;
				INFOPLIST_KEY_UILaunchStoryboardName = LaunchScreen;
				INFOPLIST_KEY_UIMainStoryboardFile = Main;
				INFOPLIST_KEY_UISupportedInterfaceOrientations_iPad = "UIInterfaceOrientationPortrait UIInterfaceOrientationPortraitUpsideDown UIInterfaceOrientationLandscapeLeft UIInterfaceOrientationLandscapeRight";
				INFOPLIST_KEY_UISupportedInterfaceOrientations_iPhone = "UIInterfaceOrientationPortrait UIInterfaceOrientationLandscapeLeft UIInterfaceOrientationLandscapeRight";
				LD_RUNPATH_SEARCH_PATHS = (
					"$(inherited)",
					"@executable_path/Frameworks",
				);
				MARKETING_VERSION = 1.0;
				PRODUCT_BUNDLE_IDENTIFIER = "com.asil.OmerFarukAsil-Project";
				PRODUCT_NAME = "$(TARGET_NAME)";
				STRING_CATALOG_GENERATE_SYMBOLS = YES;
				SWIFT_APPROACHABLE_CONCURRENCY = YES;
				SWIFT_DEFAULT_ACTOR_ISOLATION = MainActor;
				SWIFT_EMIT_LOC_STRINGS = YES;
				SWIFT_UPCOMING_FEATURE_MEMBER_IMPORT_VISIBILITY = YES;
				SWIFT_VERSION = 5.0;
				TARGETED_DEVICE_FAMILY = "1,2";
			};
			name = Debug;
		};
		550E49A42EF973CC0013D87C /* Release */ = {
			isa = XCBuildConfiguration;
			buildSettings = {
				ASSETCATALOG_COMPILER_APPICON_NAME = AppIcon;
				ASSETCATALOG_COMPILER_GLOBAL_ACCENT_COLOR_NAME = AccentColor;
				CODE_SIGN_STYLE = Automatic;
				CURRENT_PROJECT_VERSION = 1;
				DEVELOPMENT_TEAM = PG7DX7BP46;
				GENERATE_INFOPLIST_FILE = YES;
				INFOPLIST_FILE = OmerFarukAsil_Project/Info.plist;
				INFOPLIST_KEY_UIApplicationSupportsIndirectInputEvents = YES;
				INFOPLIST_KEY_UILaunchStoryboardName = LaunchScreen;
				INFOPLIST_KEY_UIMainStoryboardFile = Main;
				INFOPLIST_KEY_UISupportedInterfaceOrientations_iPad = "UIInterfaceOrientationPortrait UIInterfaceOrientationPortraitUpsideDown UIInterfaceOrientationLandscapeLeft UIInterfaceOrientationLandscapeRight";
				INFOPLIST_KEY_UISupportedInterfaceOrientations_iPhone = "UIInterfaceOrientationPortrait UIInterfaceOrientationLandscapeLeft UIInterfaceOrientationLandscapeRight";
				LD_RUNPATH_SEARCH_PATHS = (
					"$(inherited)",
					"@executable_path/Frameworks",
				);
				MARKETING_VERSION = 1.0;
				PRODUCT_BUNDLE_IDENTIFIER = "com.asil.OmerFarukAsil-Project";
				PRODUCT_NAME = "$(TARGET_NAME)";
				STRING_CATALOG_GENERATE_SYMBOLS = YES;
				SWIFT_APPROACHABLE_CONCURRENCY = YES;
				SWIFT_DEFAULT_ACTOR_ISOLATION = MainActor;
				SWIFT_EMIT_LOC_STRINGS = YES;
				SWIFT_UPCOMING_FEATURE_MEMBER_IMPORT_VISIBILITY = YES;
				SWIFT_VERSION = 5.0;
				TARGETED_DEVICE_FAMILY = "1,2";
			};
			name = Release;
		};
		550E49A52EF973CC0013D87C /* Debug */ = {
			isa = XCBuildConfiguration;
			buildSettings = {
				ALWAYS_SEARCH_USER_PATHS = NO;
				ASSETCATALOG_COMPILER_GENERATE_SWIFT_ASSET_SYMBOL_EXTENSIONS = YES;
				CLANG_ANALYZER_NONNULL = YES;
				CLANG_ANALYZER_NUMBER_OBJECT_CONVERSION = YES_AGGRESSIVE;
				CLANG_CXX_LANGUAGE_STANDARD = "gnu++20";
				CLANG_ENABLE_MODULES = YES;
				CLANG_ENABLE_OBJC_ARC = YES;
				CLANG_ENABLE_OBJC_WEAK = YES;
				CLANG_WARN_BLOCK_CAPTURE_AUTORELEASING = YES;
				CLANG_WARN_BOOL_CONVERSION = YES;
				CLANG_WARN_COMMA = YES;
				CLANG_WARN_CONSTANT_CONVERSION = YES;
				CLANG_WARN_DEPRECATED_OBJC_IMPLEMENTATIONS = YES;
				CLANG_WARN_DIRECT_OBJC_ISA_USAGE = YES_ERROR;
				CLANG_WARN_DOCUMENTATION_COMMENTS = YES;
				CLANG_WARN_EMPTY_BODY = YES;
				CLANG_WARN_ENUM_CONVERSION = YES;
				CLANG_WARN_INFINITE_RECURSION = YES;
				CLANG_WARN_INT_CONVERSION = YES;
				CLANG_WARN_NON_LITERAL_NULL_CONVERSION = YES;
				CLANG_WARN_OBJC_IMPLICIT_RETAIN_SELF = YES;
				CLANG_WARN_OBJC_LITERAL_CONVERSION = YES;
				CLANG_WARN_OBJC_ROOT_CLASS = YES_ERROR;
				CLANG_WARN_QUOTED_INCLUDE_IN_FRAMEWORK_HEADER = YES;
				CLANG_WARN_RANGE_LOOP_ANALYSIS = YES;
				CLANG_WARN_STRICT_PROTOTYPES = YES;
				CLANG_WARN_SUSPICIOUS_MOVE = YES;
				CLANG_WARN_UNGUARDED_AVAILABILITY = YES_AGGRESSIVE;
				CLANG_WARN_UNREACHABLE_CODE = YES;
				CLANG_WARN__DUPLICATE_METHOD_MATCH = YES;
				COPY_PHASE_STRIP = NO;
				DEBUG_INFORMATION_FORMAT = dwarf;
				DEVELOPMENT_TEAM = PG7DX7BP46;
				ENABLE_STRICT_OBJC_MSGSEND = YES;
				ENABLE_TESTABILITY = YES;
				ENABLE_USER_SCRIPT_SANDBOXING = YES;
				GCC_C_LANGUAGE_STANDARD = gnu17;
				GCC_DYNAMIC_NO_PIC = NO;
				GCC_NO_COMMON_BLOCKS = YES;
				GCC_OPTIMIZATION_LEVEL = 0;
				GCC_PREPROCESSOR_DEFINITIONS = (
					"DEBUG=1",
					"$(inherited)",
				);
				GCC_WARN_64_TO_32_BIT_CONVERSION = YES;
				GCC_WARN_ABOUT_RETURN_TYPE = YES_ERROR;
				GCC_WARN_UNDECLARED_SELECTOR = YES;
				GCC_WARN_UNINITIALIZED_AUTOS = YES_AGGRESSIVE;
				GCC_WARN_UNUSED_FUNCTION = YES;
				GCC_WARN_UNUSED_VARIABLE = YES;
				IPHONEOS_DEPLOYMENT_TARGET = 26.0;
				LOCALIZATION_PREFERS_STRING_CATALOGS = YES;
				MTL_ENABLE_DEBUG_INFO = INCLUDE_SOURCE;
				MTL_FAST_MATH = YES;
				ONLY_ACTIVE_ARCH = YES;
				SDKROOT = iphoneos;
				SWIFT_ACTIVE_COMPILATION_CONDITIONS = "DEBUG $(inherited)";
				SWIFT_OPTIMIZATION_LEVEL = "-Onone";
			};
			name = Debug;
		};
		550E49A62EF973CC0013D87C /* Release */ = {
			isa = XCBuildConfiguration;
			buildSettings = {
				ALWAYS_SEARCH_USER_PATHS = NO;
				ASSETCATALOG_COMPILER_GENERATE_SWIFT_ASSET_SYMBOL_EXTENSIONS = YES;
				CLANG_ANALYZER_NONNULL = YES;
				CLANG_ANALYZER_NUMBER_OBJECT_CONVERSION = YES_AGGRESSIVE;
				CLANG_CXX_LANGUAGE_STANDARD = "gnu++20";
				CLANG_ENABLE_MODULES = YES;
				CLANG_ENABLE_OBJC_ARC = YES;
				CLANG_ENABLE_OBJC_WEAK = YES;
				CLANG_WARN_BLOCK_CAPTURE_AUTORELEASING = YES;
				CLANG_WARN_BOOL_CONVERSION = YES;
				CLANG_WARN_COMMA = YES;
				CLANG_WARN_CONSTANT_CONVERSION = YES;
				CLANG_WARN_DEPRECATED_OBJC_IMPLEMENTATIONS = YES;
				CLANG_WARN_DIRECT_OBJC_ISA_USAGE = YES_ERROR;
				CLANG_WARN_DOCUMENTATION_COMMENTS = YES;
				CLANG_WARN_EMPTY_BODY = YES;
				CLANG_WARN_ENUM_CONVERSION = YES;
				CLANG_WARN_INFINITE_RECURSION = YES;
				CLANG_WARN_INT_CONVERSION = YES;
				CLANG_WARN_NON_LITERAL_NULL_CONVERSION = YES;
				CLANG_WARN_OBJC_IMPLICIT_RETAIN_SELF = YES;
				CLANG_WARN_OBJC_LITERAL_CONVERSION = YES;
				CLANG_WARN_OBJC_ROOT_CLASS = YES_ERROR;
				CLANG_WARN_QUOTED_INCLUDE_IN_FRAMEWORK_HEADER = YES;
				CLANG_WARN_RANGE_LOOP_ANALYSIS = YES;
				CLANG_WARN_STRICT_PROTOTYPES = YES;
				CLANG_WARN_SUSPICIOUS_MOVE = YES;
				CLANG_WARN_UNGUARDED_AVAILABILITY = YES_AGGRESSIVE;
				CLANG_WARN_UNREACHABLE_CODE = YES;
				CLANG_WARN__DUPLICATE_METHOD_MATCH = YES;
				COPY_PHASE_STRIP = NO;
				DEBUG_INFORMATION_FORMAT = "dwarf-with-dsym";
				DEVELOPMENT_TEAM = PG7DX7BP46;
				ENABLE_NS_ASSERTIONS = NO;
				ENABLE_STRICT_OBJC_MSGSEND = YES;
				ENABLE_USER_SCRIPT_SANDBOXING = YES;
				GCC_C_LANGUAGE_STANDARD = gnu17;
				GCC_NO_COMMON_BLOCKS = YES;
				GCC_WARN_64_TO_32_BIT_CONVERSION = YES;
				GCC_WARN_ABOUT_RETURN_TYPE = YES_ERROR;
				GCC_WARN_UNDECLARED_SELECTOR = YES;
				GCC_WARN_UNINITIALIZED_AUTOS = YES_AGGRESSIVE;
				GCC_WARN_UNUSED_FUNCTION = YES;
				GCC_WARN_UNUSED_VARIABLE = YES;
				IPHONEOS_DEPLOYMENT_TARGET = 26.0;
				LOCALIZATION_PREFERS_STRING_CATALOGS = YES;
				MTL_ENABLE_DEBUG_INFO = NO;
				MTL_FAST_MATH = YES;
				SDKROOT = iphoneos;
				SWIFT_COMPILATION_MODE = wholemodule;
				VALIDATE_PRODUCT = YES;
			};
			name = Release;
		};
/* End XCBuildConfiguration section */

/* Begin XCConfigurationList section */
		550E49872EF973CB0013D87C /* Build configuration list for PBXProject "OmerFarukAsil_Project" */ = {
			isa = XCConfigurationList;
			buildConfigurations = (
				550E49A52EF973CC0013D87C /* Debug */,
				550E49A62EF973CC0013D87C /* Release */,
			);
			defaultConfigurationIsVisible = 0;
			defaultConfigurationName = Release;
		};
		550E49A22EF973CC0013D87C /* Build configuration list for PBXNativeTarget "OmerFarukAsil_Project" */ = {
			isa = XCConfigurationList;
			buildConfigurations = (
				550E49A32EF973CC0013D87C /* Debug */,
				550E49A42EF973CC0013D87C /* Release */,
			);
			defaultConfigurationIsVisible = 0;
			defaultConfigurationName = Release;
		};
/* End XCConfigurationList section */

/* Begin XCRemoteSwiftPackageReference section */
		55BF6D602EFC07750074C805 /* XCRemoteSwiftPackageReference "Kingfisher" */ = {
			isa = XCRemoteSwiftPackageReference;
			repositoryURL = "https://github.com/onevcat/Kingfisher";
			requirement = {
				kind = upToNextMajorVersion;
				minimumVersion = 8.6.2;
			};
		};
/* End XCRemoteSwiftPackageReference section */

/* Begin XCSwiftPackageProductDependency section */
		55BF6D612EFC07750074C805 /* Kingfisher */ = {
			isa = XCSwiftPackageProductDependency;
			package = 55BF6D602EFC07750074C805 /* XCRemoteSwiftPackageReference "Kingfisher" */;
			productName = Kingfisher;
		};
/* End XCSwiftPackageProductDependency section */

/* Begin XCVersionGroup section */
		550E49AE2EF973E70013D87C /* OmerFarukAsil_Project.xcdatamodeld */ = {
			isa = XCVersionGroup;
			children = (
				550E49B12EF973E70013D87C /* OmerFarukAsil_Project.xcdatamodel */,
			);
			currentVersion = 550E49B12EF973E70013D87C /* OmerFarukAsil_Project.xcdatamodel */;
			path = OmerFarukAsil_Project.xcdatamodeld;
			sourceTree = "<group>";
			versionGroupType = wrapper.xcdatamodel;
		};
/* End XCVersionGroup section */
	};
	rootObject = 550E49842EF973CB0013D87C /* Project object */;
}
